
Microsoft Visual Studio Solution File, Format Version 12.00
# Visual Studio Version 16
VisualStudioVersion = 16.0.33027.164
MinimumVisualStudioVersion = 10.0.40219.1
Project("{FAE04EC0-301F-11D3-BF4B-00C04F79EFBC}") = "EcoPro_Version1", "EcoPro_Version1\EcoPro_Version1.csproj", "{408B5A93-1514-47CE-8584-363636A44533}"
EndProject
Global
	GlobalSection(SolutionConfigurationPlatforms) = preSolution
		Debug|Any CPU = Debug|Any CPU
		Release|Any CPU = Release|Any CPU
	EndGlobalSection
	GlobalSection(ProjectConfigurationPlatforms) = postSolution
		{408B5A93-1514-47CE-8584-363636A44533}.Debug|Any CPU.ActiveCfg = Debug|Any CPU
		{408B5A93-1514-47CE-8584-363636A44533}.Debug|Any CPU.Build.0 = Debug|Any CPU
		{408B5A93-1514-47CE-8584-363636A44533}.Release|Any CPU.ActiveCfg = Release|Any CPU
		{408B5A93-1514-47CE-8584-363636A44533}.Release|Any CPU.Build.0 = Release|Any CPU
	EndGlobalSection
	GlobalSection(SolutionProperties) = preSolution
		HideSolutionNode = FALSE
	EndGlobalSection
	GlobalSection(ExtensibilityGlobals) = postSolution
		SolutionGuid = {555AA0EA-3A79-426A-83DE-509E2D3DD722}
	EndGlobalSection
EndGlobal
